
Microsoft Visual Studio Solution File, Format Version 12.00
# Visual Studio 15
VisualStudioVersion = 15.0.26403.7
MinimumVisualStudioVersion = 10.0.40219.1
Project("{FAE04EC0-301F-11D3-BF4B-00C04F79EFBC}") = "DataAccess", "DataAccess\DataAccess.csproj", "{E01F7326-34D7-4D3D-9ABD-4C9311230531}"
EndProject
Project("{FAE04EC0-301F-11D3-BF4B-00C04F79EFBC}") = "BusinessLogic", "BusinessLogic\BusinessLogic.csproj", "{F856887E-7286-42B9-87B8-C21CF97013ED}"
EndProject
Project("{FAE04EC0-301F-11D3-BF4B-00C04F79EFBC}") = "Presentation.ConsoleUI", "Presentation.ConsoleUI\Presentation.ConsoleUI.csproj", "{36DE8B71-7F1B-445A-895D-B3D5D745928C}"
EndProject
Project("{FAE04EC0-301F-11D3-BF4B-00C04F79EFBC}") = "Models", "Models\Models.csproj", "{6EB8DBF5-E1C9-46DA-9FAB-9BE04F7052C3}"
EndProject
Project("{FAE04EC0-301F-11D3-BF4B-00C04F79EFBC}") = "Presentation.WebUI", "Presentation.WebUI\Presentation.WebUI.csproj", "{99E3162F-7725-447D-80D1-EAAF43E2CA0F}"
EndProject
Global
	GlobalSection(SolutionConfigurationPlatforms) = preSolution
		Debug|Any CPU = Debug|Any CPU
		Release|Any CPU = Release|Any CPU
	EndGlobalSection
	GlobalSection(ProjectConfigurationPlatforms) = postSolution
		{E01F7326-34D7-4D3D-9ABD-4C9311230531}.Debug|Any CPU.ActiveCfg = Debug|Any CPU
		{E01F7326-34D7-4D3D-9ABD-4C9311230531}.Debug|Any CPU.Build.0 = Debug|Any CPU
		{E01F7326-34D7-4D3D-9ABD-4C9311230531}.Release|Any CPU.ActiveCfg = Release|Any CPU
		{E01F7326-34D7-4D3D-9ABD-4C9311230531}.Release|Any CPU.Build.0 = Release|Any CPU
		{F856887E-7286-42B9-87B8-C21CF97013ED}.Debug|Any CPU.ActiveCfg = Debug|Any CPU
		{F856887E-7286-42B9-87B8-C21CF97013ED}.Debug|Any CPU.Build.0 = Debug|Any CPU
		{F856887E-7286-42B9-87B8-C21CF97013ED}.Release|Any CPU.ActiveCfg = Release|Any CPU
		{F856887E-7286-42B9-87B8-C21CF97013ED}.Release|Any CPU.Build.0 = Release|Any CPU
		{36DE8B71-7F1B-445A-895D-B3D5D745928C}.Debug|Any CPU.ActiveCfg = Debug|Any CPU
		{36DE8B71-7F1B-445A-895D-B3D5D745928C}.Debug|Any CPU.Build.0 = Debug|Any CPU
		{36DE8B71-7F1B-445A-895D-B3D5D745928C}.Release|Any CPU.ActiveCfg = Release|Any CPU
		{36DE8B71-7F1B-445A-895D-B3D5D745928C}.Release|Any CPU.Build.0 = Release|Any CPU
		{6EB8DBF5-E1C9-46DA-9FAB-9BE04F7052C3}.Debug|Any CPU.ActiveCfg = Debug|Any CPU
		{6EB8DBF5-E1C9-46DA-9FAB-9BE04F7052C3}.Debug|Any CPU.Build.0 = Debug|Any CPU
		{6EB8DBF5-E1C9-46DA-9FAB-9BE04F7052C3}.Release|Any CPU.ActiveCfg = Release|Any CPU
		{6EB8DBF5-E1C9-46DA-9FAB-9BE04F7052C3}.Release|Any CPU.Build.0 = Release|Any CPU
		{99E3162F-7725-447D-80D1-EAAF43E2CA0F}.Debug|Any CPU.ActiveCfg = Debug|Any CPU
		{99E3162F-7725-447D-80D1-EAAF43E2CA0F}.Debug|Any CPU.Build.0 = Debug|Any CPU
		{99E3162F-7725-447D-80D1-EAAF43E2CA0F}.Release|Any CPU.ActiveCfg = Release|Any CPU
		{99E3162F-7725-447D-80D1-EAAF43E2CA0F}.Release|Any CPU.Build.0 = Release|Any CPU
	EndGlobalSection
	GlobalSection(SolutionProperties) = preSolution
		HideSolutionNode = FALSE
	EndGlobalSection
EndGlobal
